
Microsoft Visual Studio Solution File, Format Version 12.00
# Visual Studio Version 17
VisualStudioVersion = 17.12.35514.174 d17.12
MinimumVisualStudioVersion = 10.0.40219.1
Project("{FAE04EC0-301F-11D3-BF4B-00C04F79EFBC}") = "11.01", "11.01\11.01.csproj", "{89BA22CE-7EC8-4774-9D99-F98E0D0D5F89}"
EndProject
Project("{FAE04EC0-301F-11D3-BF4B-00C04F79EFBC}") = "2ex", "2ex\2ex.csproj", "{41EB21D9-B9BA-4211-8BD5-1063B2CDD7DA}"
EndProject
Project("{FAE04EC0-301F-11D3-BF4B-00C04F79EFBC}") = "3ex", "3ex\3ex.csproj", "{91B71F38-AEF6-47FD-867D-990AAB9C554B}"
EndProject
Global
	GlobalSection(SolutionConfigurationPlatforms) = preSolution
		Debug|Any CPU = Debug|Any CPU
		Release|Any CPU = Release|Any CPU
	EndGlobalSection
	GlobalSection(ProjectConfigurationPlatforms) = postSolution
		{89BA22CE-7EC8-4774-9D99-F98E0D0D5F89}.Debug|Any CPU.ActiveCfg = Debug|Any CPU
		{89BA22CE-7EC8-4774-9D99-F98E0D0D5F89}.Debug|Any CPU.Build.0 = Debug|Any CPU
		{89BA22CE-7EC8-4774-9D99-F98E0D0D5F89}.Release|Any CPU.ActiveCfg = Release|Any CPU
		{89BA22CE-7EC8-4774-9D99-F98E0D0D5F89}.Release|Any CPU.Build.0 = Release|Any CPU
		{41EB21D9-B9BA-4211-8BD5-1063B2CDD7DA}.Debug|Any CPU.ActiveCfg = Debug|Any CPU
		{41EB21D9-B9BA-4211-8BD5-1063B2CDD7DA}.Debug|Any CPU.Build.0 = Debug|Any CPU
		{41EB21D9-B9BA-4211-8BD5-1063B2CDD7DA}.Release|Any CPU.ActiveCfg = Release|Any CPU
		{41EB21D9-B9BA-4211-8BD5-1063B2CDD7DA}.Release|Any CPU.Build.0 = Release|Any CPU
		{91B71F38-AEF6-47FD-867D-990AAB9C554B}.Debug|Any CPU.ActiveCfg = Debug|Any CPU
		{91B71F38-AEF6-47FD-867D-990AAB9C554B}.Debug|Any CPU.Build.0 = Debug|Any CPU
		{91B71F38-AEF6-47FD-867D-990AAB9C554B}.Release|Any CPU.ActiveCfg = Release|Any CPU
		{91B71F38-AEF6-47FD-867D-990AAB9C554B}.Release|Any CPU.Build.0 = Release|Any CPU
	EndGlobalSection
	GlobalSection(SolutionProperties) = preSolution
		HideSolutionNode = FALSE
	EndGlobalSection
EndGlobal
